
Microsoft Visual Studio Solution File, Format Version 12.00
# Visual Studio Version 16
VisualStudioVersion = 16.0.31313.79
MinimumVisualStudioVersion = 10.0.40219.1
Project("{9A19103F-16F7-4668-BE54-9A1E7A4F7556}") = "Task2", "secure_privacy_test\Task2.csproj", "{8C212547-7E67-4B7C-97F9-0045055E003A}"
EndProject
Project("{9A19103F-16F7-4668-BE54-9A1E7A4F7556}") = "DataAccess", "DataAccess\DataAccess.csproj", "{8A3B896C-FC47-4F4C-821B-7BADB84C8E92}"
EndProject
Project("{9A19103F-16F7-4668-BE54-9A1E7A4F7556}") = "Tester", "Tester\Tester.csproj", "{3ED7C5C5-75C1-421B-9BD0-FC68D67827C2}"
EndProject
Project("{FAE04EC0-301F-11D3-BF4B-00C04F79EFBC}") = "StoreApi", "StoreApi\StoreApi.csproj", "{07E523FB-E9B2-487F-A012-1C10F701DBCD}"
EndProject
Project("{FAE04EC0-301F-11D3-BF4B-00C04F79EFBC}") = "Task1.Core", "Task1.Core\Task1.Core.csproj", "{A23C9100-CDA9-434E-8C29-0EA80C52AF96}"
EndProject
Global
	GlobalSection(SolutionConfigurationPlatforms) = preSolution
		Debug|Any CPU = Debug|Any CPU
		Release|Any CPU = Release|Any CPU
	EndGlobalSection
	GlobalSection(ProjectConfigurationPlatforms) = postSolution
		{8C212547-7E67-4B7C-97F9-0045055E003A}.Debug|Any CPU.ActiveCfg = Debug|Any CPU
		{8C212547-7E67-4B7C-97F9-0045055E003A}.Debug|Any CPU.Build.0 = Debug|Any CPU
		{8C212547-7E67-4B7C-97F9-0045055E003A}.Release|Any CPU.ActiveCfg = Release|Any CPU
		{8C212547-7E67-4B7C-97F9-0045055E003A}.Release|Any CPU.Build.0 = Release|Any CPU
		{8A3B896C-FC47-4F4C-821B-7BADB84C8E92}.Debug|Any CPU.ActiveCfg = Debug|Any CPU
		{8A3B896C-FC47-4F4C-821B-7BADB84C8E92}.Debug|Any CPU.Build.0 = Debug|Any CPU
		{8A3B896C-FC47-4F4C-821B-7BADB84C8E92}.Release|Any CPU.ActiveCfg = Release|Any CPU
		{8A3B896C-FC47-4F4C-821B-7BADB84C8E92}.Release|Any CPU.Build.0 = Release|Any CPU
		{3ED7C5C5-75C1-421B-9BD0-FC68D67827C2}.Debug|Any CPU.ActiveCfg = Debug|Any CPU
		{3ED7C5C5-75C1-421B-9BD0-FC68D67827C2}.Debug|Any CPU.Build.0 = Debug|Any CPU
		{3ED7C5C5-75C1-421B-9BD0-FC68D67827C2}.Release|Any CPU.ActiveCfg = Release|Any CPU
		{3ED7C5C5-75C1-421B-9BD0-FC68D67827C2}.Release|Any CPU.Build.0 = Release|Any CPU
		{07E523FB-E9B2-487F-A012-1C10F701DBCD}.Debug|Any CPU.ActiveCfg = Debug|Any CPU
		{07E523FB-E9B2-487F-A012-1C10F701DBCD}.Debug|Any CPU.Build.0 = Debug|Any CPU
		{07E523FB-E9B2-487F-A012-1C10F701DBCD}.Release|Any CPU.ActiveCfg = Release|Any CPU
		{07E523FB-E9B2-487F-A012-1C10F701DBCD}.Release|Any CPU.Build.0 = Release|Any CPU
		{A23C9100-CDA9-434E-8C29-0EA80C52AF96}.Debug|Any CPU.ActiveCfg = Debug|Any CPU
		{A23C9100-CDA9-434E-8C29-0EA80C52AF96}.Debug|Any CPU.Build.0 = Debug|Any CPU
		{A23C9100-CDA9-434E-8C29-0EA80C52AF96}.Release|Any CPU.ActiveCfg = Release|Any CPU
		{A23C9100-CDA9-434E-8C29-0EA80C52AF96}.Release|Any CPU.Build.0 = Release|Any CPU
	EndGlobalSection
	GlobalSection(SolutionProperties) = preSolution
		HideSolutionNode = FALSE
	EndGlobalSection
	GlobalSection(ExtensibilityGlobals) = postSolution
		SolutionGuid = {B740E99C-8D77-43F1-9AE1-56DE526AAB98}
	EndGlobalSection
EndGlobal
